// !$*UTF8*$!
{
	archiveVersion = 1;
	classes = {
	};
	objectVersion = 46;
	objects = {

/* Begin PBXBuildFile section */
		B600299617860937007CD0FA /* text.cpp in Sources */ = {isa = PBXBuildFile; fileRef = B600299417860936007CD0FA /* text.cpp */; };
		B60029991787772D007CD0FA /* quest.cpp in Sources */ = {isa = PBXBuildFile; fileRef = B60029971787772D007CD0FA /* quest.cpp */; };
		B600299C17879D48007CD0FA /* stickMaster.cpp in Sources */ = {isa = PBXBuildFile; fileRef = B600299A17879D48007CD0FA /* stickMaster.cpp */; };
		B60029A11787B8BC007CD0FA /* robotMaster.cpp in Sources */ = {isa = PBXBuildFile; fileRef = B600299F1787B8BC007CD0FA /* robotMaster.cpp */; };
		B60029AD1788A0A0007CD0FA /* mission.cpp in Sources */ = {isa = PBXBuildFile; fileRef = B60029AB1788A09F007CD0FA /* mission.cpp */; };
		B60029B81789FD01007CD0FA /* door.cpp in Sources */ = {isa = PBXBuildFile; fileRef = B60029B61789FD01007CD0FA /* door.cpp */; };
		B60029D6178B9052007CD0FA /* exit.cpp in Sources */ = {isa = PBXBuildFile; fileRef = B60029D4178B9052007CD0FA /* exit.cpp */; };
		B60029FC178DD400007CD0FA /* book.cpp in Sources */ = {isa = PBXBuildFile; fileRef = B60029FA178DD3FF007CD0FA /* book.cpp */; };
		B61944D2179A209E0056F918 /* areaSearch.cpp in Sources */ = {isa = PBXBuildFile; fileRef = B61944D0179A209E0056F918 /* areaSearch.cpp */; };
		B61944DA179AEB1D0056F918 /* stopWatch.cpp in Sources */ = {isa = PBXBuildFile; fileRef = B61944D8179AEB1D0056F918 /* stopWatch.cpp */; };
		B61944DE179B05690056F918 /* animation.cpp in Sources */ = {isa = PBXBuildFile; fileRef = B61944DC179B05690056F918 /* animation.cpp */; };
		B62443C8177DCE34000041FE /* main.cpp in Sources */ = {isa = PBXBuildFile; fileRef = B62443C7177DCE34000041FE /* main.cpp */; };
		B62443CA177DCE34000041FE /* ForScience.1 in CopyFiles */ = {isa = PBXBuildFile; fileRef = B62443C9177DCE34000041FE /* ForScience.1 */; };
		B62443D2177DCE54000041FE /* SDLMain.m in Sources */ = {isa = PBXBuildFile; fileRef = B62443D1177DCE54000041FE /* SDLMain.m */; };
		B62443D4177DCF1D000041FE /* Cocoa.framework in Frameworks */ = {isa = PBXBuildFile; fileRef = B62443D3177DCF1D000041FE /* Cocoa.framework */; };
		B62443D6177DCF6A000041FE /* SDL.framework in Frameworks */ = {isa = PBXBuildFile; fileRef = B62443D5177DCF6A000041FE /* SDL.framework */; };
		B62443DB177DDFCF000041FE /* SDL_image.framework in Frameworks */ = {isa = PBXBuildFile; fileRef = B62443DA177DDFCF000041FE /* SDL_image.framework */; };
		B62443DF177DEE51000041FE /* SDL_ttf.framework in Frameworks */ = {isa = PBXBuildFile; fileRef = B62443DE177DEE51000041FE /* SDL_ttf.framework */; };
		B62443E5177DF69F000041FE /* timer.cpp in Sources */ = {isa = PBXBuildFile; fileRef = B62443E4177DF69F000041FE /* timer.cpp */; };
		B62443ED177DFF81000041FE /* utility.cpp in Sources */ = {isa = PBXBuildFile; fileRef = B62443EB177DFF81000041FE /* utility.cpp */; };
		B62443F0177E06E6000041FE /* stick.cpp in Sources */ = {isa = PBXBuildFile; fileRef = B62443EF177E06E5000041FE /* stick.cpp */; };
		B63F59C81780C06C000B09C9 /* robot.cpp in Sources */ = {isa = PBXBuildFile; fileRef = B63F59C61780C06C000B09C9 /* robot.cpp */; };
		B63F59CC1780DE45000B09C9 /* level.cpp in Sources */ = {isa = PBXBuildFile; fileRef = B63F59CA1780DE44000B09C9 /* level.cpp */; };
		B63F59D017820E19000B09C9 /* switch.cpp in Sources */ = {isa = PBXBuildFile; fileRef = B63F59CE17820E19000B09C9 /* switch.cpp */; };
/* End PBXBuildFile section */

/* Begin PBXCopyFilesBuildPhase section */
		B62443C1177DCE33000041FE /* CopyFiles */ = {
			isa = PBXCopyFilesBuildPhase;
			buildActionMask = 2147483647;
			dstPath = /usr/share/man/man1/;
			dstSubfolderSpec = 0;
			files = (
				B62443CA177DCE34000041FE /* ForScience.1 in CopyFiles */,
			);
			runOnlyForDeploymentPostprocessing = 1;
		};
/* End PBXCopyFilesBuildPhase section */

/* Begin PBXFileReference section */
		B600299417860936007CD0FA /* text.cpp */ = {isa = PBXFileReference; fileEncoding = 4; lastKnownFileType = sourcecode.cpp.cpp; path = text.cpp; sourceTree = "<group>"; };
		B600299517860937007CD0FA /* text.h */ = {isa = PBXFileReference; fileEncoding = 4; lastKnownFileType = sourcecode.c.h; path = text.h; sourceTree = "<group>"; };
		B60029971787772D007CD0FA /* quest.cpp */ = {isa = PBXFileReference; fileEncoding = 4; lastKnownFileType = sourcecode.cpp.cpp; path = quest.cpp; sourceTree = "<group>"; };
		B60029981787772D007CD0FA /* quest.h */ = {isa = PBXFileReference; fileEncoding = 4; lastKnownFileType = sourcecode.c.h; path = quest.h; sourceTree = "<group>"; };
		B600299A17879D48007CD0FA /* stickMaster.cpp */ = {isa = PBXFileReference; fileEncoding = 4; lastKnownFileType = sourcecode.cpp.cpp; path = stickMaster.cpp; sourceTree = "<group>"; };
		B600299B17879D48007CD0FA /* stickMaster.h */ = {isa = PBXFileReference; fileEncoding = 4; lastKnownFileType = sourcecode.c.h; path = stickMaster.h; sourceTree = "<group>"; };
		B600299F1787B8BC007CD0FA /* robotMaster.cpp */ = {isa = PBXFileReference; fileEncoding = 4; lastKnownFileType = sourcecode.cpp.cpp; path = robotMaster.cpp; sourceTree = "<group>"; };
		B60029A01787B8BC007CD0FA /* robotMaster.h */ = {isa = PBXFileReference; fileEncoding = 4; lastKnownFileType = sourcecode.c.h; path = robotMaster.h; sourceTree = "<group>"; };
		B60029AB1788A09F007CD0FA /* mission.cpp */ = {isa = PBXFileReference; fileEncoding = 4; lastKnownFileType = sourcecode.cpp.cpp; path = mission.cpp; sourceTree = "<group>"; };
		B60029AC1788A09F007CD0FA /* mission.h */ = {isa = PBXFileReference; fileEncoding = 4; lastKnownFileType = sourcecode.c.h; path = mission.h; sourceTree = "<group>"; };
		B60029B61789FD01007CD0FA /* door.cpp */ = {isa = PBXFileReference; fileEncoding = 4; lastKnownFileType = sourcecode.cpp.cpp; path = door.cpp; sourceTree = "<group>"; };
		B60029B71789FD01007CD0FA /* door.h */ = {isa = PBXFileReference; fileEncoding = 4; lastKnownFileType = sourcecode.c.h; path = door.h; sourceTree = "<group>"; };
		B60029D1178B84A5007CD0FA /* level1.map */ = {isa = PBXFileReference; fileEncoding = 4; lastKnownFileType = text; path = level1.map; sourceTree = "<group>"; };
		B60029D4178B9052007CD0FA /* exit.cpp */ = {isa = PBXFileReference; fileEncoding = 4; lastKnownFileType = sourcecode.cpp.cpp; path = exit.cpp; sourceTree = "<group>"; };
		B60029D5178B9052007CD0FA /* exit.h */ = {isa = PBXFileReference; fileEncoding = 4; lastKnownFileType = sourcecode.c.h; path = exit.h; sourceTree = "<group>"; };
		B60029E5178BC795007CD0FA /* sprite.h */ = {isa = PBXFileReference; fileEncoding = 4; lastKnownFileType = sourcecode.c.h; path = sprite.h; sourceTree = "<group>"; };
		B60029FA178DD3FF007CD0FA /* book.cpp */ = {isa = PBXFileReference; fileEncoding = 4; lastKnownFileType = sourcecode.cpp.cpp; path = book.cpp; sourceTree = "<group>"; };
		B60029FB178DD3FF007CD0FA /* book.h */ = {isa = PBXFileReference; fileEncoding = 4; lastKnownFileType = sourcecode.c.h; path = book.h; sourceTree = "<group>"; };
		B61944D0179A209E0056F918 /* areaSearch.cpp */ = {isa = PBXFileReference; fileEncoding = 4; lastKnownFileType = sourcecode.cpp.cpp; path = areaSearch.cpp; sourceTree = "<group>"; };
		B61944D1179A209E0056F918 /* areaSearch.h */ = {isa = PBXFileReference; fileEncoding = 4; lastKnownFileType = sourcecode.c.h; path = areaSearch.h; sourceTree = "<group>"; };
		B61944D8179AEB1D0056F918 /* stopWatch.cpp */ = {isa = PBXFileReference; fileEncoding = 4; lastKnownFileType = sourcecode.cpp.cpp; path = stopWatch.cpp; sourceTree = "<group>"; };
		B61944D9179AEB1D0056F918 /* stopWatch.h */ = {isa = PBXFileReference; fileEncoding = 4; lastKnownFileType = sourcecode.c.h; path = stopWatch.h; sourceTree = "<group>"; };
		B61944DC179B05690056F918 /* animation.cpp */ = {isa = PBXFileReference; fileEncoding = 4; lastKnownFileType = sourcecode.cpp.cpp; path = animation.cpp; sourceTree = "<group>"; };
		B61944DD179B05690056F918 /* animation.h */ = {isa = PBXFileReference; fileEncoding = 4; lastKnownFileType = sourcecode.c.h; path = animation.h; sourceTree = "<group>"; };
		B62443C3177DCE33000041FE /* ForScience */ = {isa = PBXFileReference; explicitFileType = "compiled.mach-o.executable"; includeInIndex = 0; path = ForScience; sourceTree = BUILT_PRODUCTS_DIR; };
		B62443C7177DCE34000041FE /* main.cpp */ = {isa = PBXFileReference; lastKnownFileType = sourcecode.cpp.cpp; lineEnding = 0; path = main.cpp; sourceTree = "<group>"; xcLanguageSpecificationIdentifier = xcode.lang.cpp; };
		B62443C9177DCE34000041FE /* ForScience.1 */ = {isa = PBXFileReference; lastKnownFileType = text.man; path = ForScience.1; sourceTree = "<group>"; };
		B62443D0177DCE54000041FE /* SDLMain.h */ = {isa = PBXFileReference; fileEncoding = 4; lastKnownFileType = sourcecode.c.h; path = SDLMain.h; sourceTree = "<group>"; };
		B62443D1177DCE54000041FE /* SDLMain.m */ = {isa = PBXFileReference; fileEncoding = 4; lastKnownFileType = sourcecode.c.objc; path = SDLMain.m; sourceTree = "<group>"; };
		B62443D3177DCF1D000041FE /* Cocoa.framework */ = {isa = PBXFileReference; lastKnownFileType = wrapper.framework; name = Cocoa.framework; path = System/Library/Frameworks/Cocoa.framework; sourceTree = SDKROOT; };
		B62443D5177DCF6A000041FE /* SDL.framework */ = {isa = PBXFileReference; lastKnownFileType = wrapper.framework; name = SDL.framework; path = ../../../../Library/Frameworks/SDL.framework; sourceTree = "<group>"; };
		B62443DA177DDFCF000041FE /* SDL_image.framework */ = {isa = PBXFileReference; lastKnownFileType = wrapper.framework; name = SDL_image.framework; path = ../../../../Library/Frameworks/SDL_image.framework; sourceTree = "<group>"; };
		B62443DE177DEE51000041FE /* SDL_ttf.framework */ = {isa = PBXFileReference; lastKnownFileType = wrapper.framework; name = SDL_ttf.framework; path = ../../../../Library/Frameworks/SDL_ttf.framework; sourceTree = "<group>"; };
		B62443E0177DEE80000041FE /* font.ttf */ = {isa = PBXFileReference; lastKnownFileType = file; path = font.ttf; sourceTree = "<group>"; };
		B62443E2177DF5AF000041FE /* stick.h */ = {isa = PBXFileReference; fileEncoding = 4; lastKnownFileType = sourcecode.c.h; path = stick.h; sourceTree = "<group>"; };
		B62443E3177DF655000041FE /* timer.h */ = {isa = PBXFileReference; lastKnownFileType = sourcecode.c.h; path = timer.h; sourceTree = "<group>"; };
		B62443E4177DF69F000041FE /* timer.cpp */ = {isa = PBXFileReference; fileEncoding = 4; lastKnownFileType = sourcecode.cpp.cpp; path = timer.cpp; sourceTree = "<group>"; };
		B62443E7177DFD07000041FE /* lazy.map */ = {isa = PBXFileReference; fileEncoding = 4; lastKnownFileType = text; path = lazy.map; sourceTree = "<group>"; };
		B62443EB177DFF81000041FE /* utility.cpp */ = {isa = PBXFileReference; fileEncoding = 4; lastKnownFileType = sourcecode.cpp.cpp; path = utility.cpp; sourceTree = "<group>"; };
		B62443EC177DFF81000041FE /* utility.h */ = {isa = PBXFileReference; fileEncoding = 4; lastKnownFileType = sourcecode.c.h; path = utility.h; sourceTree = "<group>"; };
		B62443EF177E06E5000041FE /* stick.cpp */ = {isa = PBXFileReference; fileEncoding = 4; lastKnownFileType = sourcecode.cpp.cpp; lineEnding = 0; path = stick.cpp; sourceTree = "<group>"; xcLanguageSpecificationIdentifier = xcode.lang.cpp; };
		B62443F1177E0CF0000041FE /* constant.h */ = {isa = PBXFileReference; lastKnownFileType = sourcecode.c.h; lineEnding = 0; path = constant.h; sourceTree = "<group>"; xcLanguageSpecificationIdentifier = xcode.lang.objcpp; };
		B62443F3177E3160000041FE /* stickman.png */ = {isa = PBXFileReference; lastKnownFileType = image.png; path = stickman.png; sourceTree = "<group>"; };
		B63F59C4177F7C46000B09C9 /* tiles.png */ = {isa = PBXFileReference; lastKnownFileType = image.png; path = tiles.png; sourceTree = "<group>"; };
		B63F59C61780C06C000B09C9 /* robot.cpp */ = {isa = PBXFileReference; fileEncoding = 4; lastKnownFileType = sourcecode.cpp.cpp; lineEnding = 0; path = robot.cpp; sourceTree = "<group>"; xcLanguageSpecificationIdentifier = xcode.lang.cpp; };
		B63F59C71780C06C000B09C9 /* robot.h */ = {isa = PBXFileReference; fileEncoding = 4; lastKnownFileType = sourcecode.c.h; lineEnding = 0; path = robot.h; sourceTree = "<group>"; xcLanguageSpecificationIdentifier = xcode.lang.objcpp; };
		B63F59C91780C5D2000B09C9 /* robot.png */ = {isa = PBXFileReference; lastKnownFileType = image.png; path = robot.png; sourceTree = "<group>"; };
		B63F59CA1780DE44000B09C9 /* level.cpp */ = {isa = PBXFileReference; fileEncoding = 4; lastKnownFileType = sourcecode.cpp.cpp; lineEnding = 0; path = level.cpp; sourceTree = "<group>"; xcLanguageSpecificationIdentifier = xcode.lang.cpp; };
		B63F59CB1780DE45000B09C9 /* level.h */ = {isa = PBXFileReference; fileEncoding = 4; lastKnownFileType = sourcecode.c.h; path = level.h; sourceTree = "<group>"; };
		B63F59CD17820DE7000B09C9 /* switch.png */ = {isa = PBXFileReference; lastKnownFileType = image.png; path = switch.png; sourceTree = "<group>"; };
		B63F59CE17820E19000B09C9 /* switch.cpp */ = {isa = PBXFileReference; fileEncoding = 4; lastKnownFileType = sourcecode.cpp.cpp; path = switch.cpp; sourceTree = "<group>"; };
		B63F59CF17820E19000B09C9 /* switch.h */ = {isa = PBXFileReference; fileEncoding = 4; lastKnownFileType = sourcecode.c.h; path = switch.h; sourceTree = "<group>"; };
/* End PBXFileReference section */

/* Begin PBXFrameworksBuildPhase section */
		B62443C0177DCE33000041FE /* Frameworks */ = {
			isa = PBXFrameworksBuildPhase;
			buildActionMask = 2147483647;
			files = (
				B62443DF177DEE51000041FE /* SDL_ttf.framework in Frameworks */,
				B62443DB177DDFCF000041FE /* SDL_image.framework in Frameworks */,
				B62443D6177DCF6A000041FE /* SDL.framework in Frameworks */,
				B62443D4177DCF1D000041FE /* Cocoa.framework in Frameworks */,
			);
			runOnlyForDeploymentPostprocessing = 0;
		};
/* End PBXFrameworksBuildPhase section */

/* Begin PBXGroup section */
		B600299D1787B883007CD0FA /* stick */ = {
			isa = PBXGroup;
			children = (
				B62443EF177E06E5000041FE /* stick.cpp */,
				B600299A17879D48007CD0FA /* stickMaster.cpp */,
				B62443E2177DF5AF000041FE /* stick.h */,
				B600299B17879D48007CD0FA /* stickMaster.h */,
			);
			name = stick;
			sourceTree = "<group>";
		};
		B600299E1787B8A4007CD0FA /* robot */ = {
			isa = PBXGroup;
			children = (
				B63F59C61780C06C000B09C9 /* robot.cpp */,
				B63F59C71780C06C000B09C9 /* robot.h */,
				B600299F1787B8BC007CD0FA /* robotMaster.cpp */,
				B60029A01787B8BC007CD0FA /* robotMaster.h */,
			);
			name = robot;
			sourceTree = "<group>";
		};
		B60029AF1788A20D007CD0FA /* model */ = {
			isa = PBXGroup;
			children = (
				B60029971787772D007CD0FA /* quest.cpp */,
				B60029981787772D007CD0FA /* quest.h */,
				B60029AB1788A09F007CD0FA /* mission.cpp */,
				B60029AC1788A09F007CD0FA /* mission.h */,
				B61944D0179A209E0056F918 /* areaSearch.cpp */,
				B61944D1179A209E0056F918 /* areaSearch.h */,
				B61944DC179B05690056F918 /* animation.cpp */,
				B61944DD179B05690056F918 /* animation.h */,
			);
			name = model;
			sourceTree = "<group>";
		};
		B60029B41789FC3F007CD0FA /* inteactable */ = {
			isa = PBXGroup;
			children = (
				B63F59CE17820E19000B09C9 /* switch.cpp */,
				B63F59CF17820E19000B09C9 /* switch.h */,
				B60029B61789FD01007CD0FA /* door.cpp */,
				B60029B71789FD01007CD0FA /* door.h */,
				B60029D4178B9052007CD0FA /* exit.cpp */,
				B60029D5178B9052007CD0FA /* exit.h */,
				B60029E5178BC795007CD0FA /* sprite.h */,
				B60029FA178DD3FF007CD0FA /* book.cpp */,
				B60029FB178DD3FF007CD0FA /* book.h */,
			);
			name = inteactable;
			sourceTree = "<group>";
		};
		B60029D3178B8988007CD0FA /* level */ = {
			isa = PBXGroup;
			children = (
				B63F59CA1780DE44000B09C9 /* level.cpp */,
				B63F59CB1780DE45000B09C9 /* level.h */,
				B60029D1178B84A5007CD0FA /* level1.map */,
				B62443E7177DFD07000041FE /* lazy.map */,
			);
			name = level;
			sourceTree = "<group>";
		};
		B62443B8177DCE33000041FE = {
			isa = PBXGroup;
			children = (
				B62443DE177DEE51000041FE /* SDL_ttf.framework */,
				B62443DA177DDFCF000041FE /* SDL_image.framework */,
				B62443D5177DCF6A000041FE /* SDL.framework */,
				B62443D3177DCF1D000041FE /* Cocoa.framework */,
				B62443C6177DCE33000041FE /* ForScience */,
				B62443C4177DCE33000041FE /* Products */,
			);
			sourceTree = "<group>";
		};
		B62443C4177DCE33000041FE /* Products */ = {
			isa = PBXGroup;
			children = (
				B62443C3177DCE33000041FE /* ForScience */,
			);
			name = Products;
			sourceTree = "<group>";
		};
		B62443C6177DCE33000041FE /* ForScience */ = {
			isa = PBXGroup;
			children = (
				B60029D3178B8988007CD0FA /* level */,
				B60029B41789FC3F007CD0FA /* inteactable */,
				B62443C7177DCE34000041FE /* main.cpp */,
				B600299417860936007CD0FA /* text.cpp */,
				B62443E4177DF69F000041FE /* timer.cpp */,
				B61944D8179AEB1D0056F918 /* stopWatch.cpp */,
				B61944D9179AEB1D0056F918 /* stopWatch.h */,
				B62443EB177DFF81000041FE /* utility.cpp */,
				B62443F1177E0CF0000041FE /* constant.h */,
				B600299517860937007CD0FA /* text.h */,
				B62443E3177DF655000041FE /* timer.h */,
				B62443EC177DFF81000041FE /* utility.h */,
				B62443F4177E394C000041FE /* image */,
				B62443EE177E02ED000041FE /* miscellaneous */,
				B60029AF1788A20D007CD0FA /* model */,
				B600299E1787B8A4007CD0FA /* robot */,
				B600299D1787B883007CD0FA /* stick */,
			);
			path = ForScience;
			sourceTree = "<group>";
		};
		B62443EE177E02ED000041FE /* miscellaneous */ = {
			isa = PBXGroup;
			children = (
				B62443D0177DCE54000041FE /* SDLMain.h */,
				B62443D1177DCE54000041FE /* SDLMain.m */,
				B62443E0177DEE80000041FE /* font.ttf */,
				B62443C9177DCE34000041FE /* ForScience.1 */,
			);
			name = miscellaneous;
			sourceTree = "<group>";
		};
		B62443F4177E394C000041FE /* image */ = {
			isa = PBXGroup;
			children = (
				B63F59CD17820DE7000B09C9 /* switch.png */,
				B63F59C91780C5D2000B09C9 /* robot.png */,
				B63F59C4177F7C46000B09C9 /* tiles.png */,
				B62443F3177E3160000041FE /* stickman.png */,
			);
			name = image;
			sourceTree = "<group>";
		};
/* End PBXGroup section */

/* Begin PBXNativeTarget section */
		B62443C2177DCE33000041FE /* ForScience */ = {
			isa = PBXNativeTarget;
			buildConfigurationList = B62443CD177DCE34000041FE /* Build configuration list for PBXNativeTarget "ForScience" */;
			buildPhases = (
				B62443BF177DCE33000041FE /* Sources */,
				B62443C0177DCE33000041FE /* Frameworks */,
				B62443C1177DCE33000041FE /* CopyFiles */,
			);
			buildRules = (
			);
			dependencies = (
			);
			name = ForScience;
			productName = ForScience;
			productReference = B62443C3177DCE33000041FE /* ForScience */;
			productType = "com.apple.product-type.tool";
		};
/* End PBXNativeTarget section */

/* Begin PBXProject section */
		B62443BA177DCE33000041FE /* Project object */ = {
			isa = PBXProject;
			attributes = {
				LastUpgradeCheck = 0450;
				ORGANIZATIONNAME = Yue;
			};
			buildConfigurationList = B62443BD177DCE33000041FE /* Build configuration list for PBXProject "ForScience" */;
			compatibilityVersion = "Xcode 3.2";
			developmentRegion = English;
			hasScannedForEncodings = 0;
			knownRegions = (
				en,
			);
			mainGroup = B62443B8177DCE33000041FE;
			productRefGroup = B62443C4177DCE33000041FE /* Products */;
			projectDirPath = "";
			projectRoot = "";
			targets = (
				B62443C2177DCE33000041FE /* ForScience */,
			);
		};
/* End PBXProject section */

/* Begin PBXSourcesBuildPhase section */
		B62443BF177DCE33000041FE /* Sources */ = {
			isa = PBXSourcesBuildPhase;
			buildActionMask = 2147483647;
			files = (
				B62443C8177DCE34000041FE /* main.cpp in Sources */,
				B62443D2177DCE54000041FE /* SDLMain.m in Sources */,
				B62443E5177DF69F000041FE /* timer.cpp in Sources */,
				B62443ED177DFF81000041FE /* utility.cpp in Sources */,
				B62443F0177E06E6000041FE /* stick.cpp in Sources */,
				B63F59C81780C06C000B09C9 /* robot.cpp in Sources */,
				B63F59CC1780DE45000B09C9 /* level.cpp in Sources */,
				B63F59D017820E19000B09C9 /* switch.cpp in Sources */,
				B600299617860937007CD0FA /* text.cpp in Sources */,
				B60029991787772D007CD0FA /* quest.cpp in Sources */,
				B600299C17879D48007CD0FA /* stickMaster.cpp in Sources */,
				B60029A11787B8BC007CD0FA /* robotMaster.cpp in Sources */,
				B60029AD1788A0A0007CD0FA /* mission.cpp in Sources */,
				B60029B81789FD01007CD0FA /* door.cpp in Sources */,
				B60029D6178B9052007CD0FA /* exit.cpp in Sources */,
				B60029FC178DD400007CD0FA /* book.cpp in Sources */,
				B61944D2179A209E0056F918 /* areaSearch.cpp in Sources */,
				B61944DA179AEB1D0056F918 /* stopWatch.cpp in Sources */,
				B61944DE179B05690056F918 /* animation.cpp in Sources */,
			);
			runOnlyForDeploymentPostprocessing = 0;
		};
/* End PBXSourcesBuildPhase section */

/* Begin XCBuildConfiguration section */
		B62443CB177DCE34000041FE /* Debug */ = {
			isa = XCBuildConfiguration;
			buildSettings = {
				ALWAYS_SEARCH_USER_PATHS = NO;
				ARCHS = "$(ARCHS_STANDARD_64_BIT)";
				CLANG_CXX_LANGUAGE_STANDARD = "gnu++0x";
				CLANG_CXX_LIBRARY = "libc++";
				CLANG_WARN_EMPTY_BODY = YES;
				CLANG_WARN__DUPLICATE_METHOD_MATCH = YES;
				COPY_PHASE_STRIP = NO;
				GCC_C_LANGUAGE_STANDARD = gnu99;
				GCC_DYNAMIC_NO_PIC = NO;
				GCC_ENABLE_OBJC_EXCEPTIONS = YES;
				GCC_OPTIMIZATION_LEVEL = 0;
				GCC_PREPROCESSOR_DEFINITIONS = (
					"DEBUG=1",
					"$(inherited)",
				);
				GCC_SYMBOLS_PRIVATE_EXTERN = NO;
				GCC_WARN_64_TO_32_BIT_CONVERSION = YES;
				GCC_WARN_ABOUT_RETURN_TYPE = YES;
				GCC_WARN_UNINITIALIZED_AUTOS = YES;
				GCC_WARN_UNUSED_VARIABLE = YES;
				MACOSX_DEPLOYMENT_TARGET = 10.7;
				ONLY_ACTIVE_ARCH = YES;
				SDKROOT = macosx;
			};
			name = Debug;
		};
		B62443CC177DCE34000041FE /* Release */ = {
			isa = XCBuildConfiguration;
			buildSettings = {
				ALWAYS_SEARCH_USER_PATHS = NO;
				ARCHS = "$(ARCHS_STANDARD_64_BIT)";
				CLANG_CXX_LANGUAGE_STANDARD = "gnu++0x";
				CLANG_CXX_LIBRARY = "libc++";
				CLANG_WARN_EMPTY_BODY = YES;
				CLANG_WARN__DUPLICATE_METHOD_MATCH = YES;
				COPY_PHASE_STRIP = YES;
				DEBUG_INFORMATION_FORMAT = "dwarf-with-dsym";
				GCC_C_LANGUAGE_STANDARD = gnu99;
				GCC_ENABLE_OBJC_EXCEPTIONS = YES;
				GCC_WARN_64_TO_32_BIT_CONVERSION = YES;
				GCC_WARN_ABOUT_RETURN_TYPE = YES;
				GCC_WARN_UNINITIALIZED_AUTOS = YES;
				GCC_WARN_UNUSED_VARIABLE = YES;
				MACOSX_DEPLOYMENT_TARGET = 10.7;
				SDKROOT = macosx;
			};
			name = Release;
		};
		B62443CE177DCE34000041FE /* Debug */ = {
			isa = XCBuildConfiguration;
			buildSettings = {
				FRAMEWORK_SEARCH_PATHS = /Library/Frameworks;
				PRODUCT_NAME = "$(TARGET_NAME)";
			};
			name = Debug;
		};
		B62443CF177DCE34000041FE /* Release */ = {
			isa = XCBuildConfiguration;
			buildSettings = {
				FRAMEWORK_SEARCH_PATHS = /Library/Frameworks;
				PRODUCT_NAME = "$(TARGET_NAME)";
			};
			name = Release;
		};
/* End XCBuildConfiguration section */

/* Begin XCConfigurationList section */
		B62443BD177DCE33000041FE /* Build configuration list for PBXProject "ForScience" */ = {
			isa = XCConfigurationList;
			buildConfigurations = (
				B62443CB177DCE34000041FE /* Debug */,
				B62443CC177DCE34000041FE /* Release */,
			);
			defaultConfigurationIsVisible = 0;
			defaultConfigurationName = Release;
		};
		B62443CD177DCE34000041FE /* Build configuration list for PBXNativeTarget "ForScience" */ = {
			isa = XCConfigurationList;
			buildConfigurations = (
				B62443CE177DCE34000041FE /* Debug */,
				B62443CF177DCE34000041FE /* Release */,
			);
			defaultConfigurationIsVisible = 0;
			defaultConfigurationName = Release;
		};
/* End XCConfigurationList section */
	};
	rootObject = B62443BA177DCE33000041FE /* Project object */;
}
